
Microsoft Visual Studio Solution File, Format Version 12.00
# Visual Studio 2013
VisualStudioVersion = 12.0.40629.0
MinimumVisualStudioVersion = 10.0.40219.1
Project("{FAE04EC0-301F-11D3-BF4B-00C04F79EFBC}") = "GeoService", "GeoService\GeoService.csproj", "{918BD2DD-D824-48A7-8672-AA67DC64D4B1}"
EndProject
Project("{FAE04EC0-301F-11D3-BF4B-00C04F79EFBC}") = "GeoServiceHost", "GeoServiceHost\GeoServiceHost.csproj", "{B10AA7F9-9B0C-4EA5-9FB6-3829C6202E70}"
EndProject
Project("{FAE04EC0-301F-11D3-BF4B-00C04F79EFBC}") = "GeoServiceClient", "GeoServiceClient\GeoServiceClient.csproj", "{B5EDE7D2-416F-4FB8-A58A-D81CB839BD97}"
EndProject
Project("{FAE04EC0-301F-11D3-BF4B-00C04F79EFBC}") = "SCP.Contracts", "SCP.Contracts\SCP.Contracts.csproj", "{53F92A38-9CE0-4890-835C-3BFCFCBB3D9B}"
EndProject
Project("{FAE04EC0-301F-11D3-BF4B-00C04F79EFBC}") = "SCP.Proxies", "SCP.Proxies\SCP.Proxies.csproj", "{FA194A4C-C908-4705-95E1-2AE0A1A5E95C}"
EndProject
Project("{FAE04EC0-301F-11D3-BF4B-00C04F79EFBC}") = "SCP.ConsoleHost", "SCP.ConsoleHost\SCP.ConsoleHost.csproj", "{D48C9D45-895E-464C-B24D-8BB51428AC19}"
EndProject
Project("{FAE04EC0-301F-11D3-BF4B-00C04F79EFBC}") = "SCP.Client", "SCP.Client\SCP.Client.csproj", "{D0E0365E-CD06-4CF2-A3B1-2BC7E5FC06AF}"
EndProject
Project("{FAE04EC0-301F-11D3-BF4B-00C04F79EFBC}") = "SCP.Services", "SCP.Services\SCP.Services.csproj", "{B0C9E7A6-409B-4EAF-BD5E-70E6189A126D}"
EndProject
Global
	GlobalSection(SolutionConfigurationPlatforms) = preSolution
		Debug|Any CPU = Debug|Any CPU
		Release|Any CPU = Release|Any CPU
	EndGlobalSection
	GlobalSection(ProjectConfigurationPlatforms) = postSolution
		{918BD2DD-D824-48A7-8672-AA67DC64D4B1}.Debug|Any CPU.ActiveCfg = Debug|Any CPU
		{918BD2DD-D824-48A7-8672-AA67DC64D4B1}.Debug|Any CPU.Build.0 = Debug|Any CPU
		{918BD2DD-D824-48A7-8672-AA67DC64D4B1}.Release|Any CPU.ActiveCfg = Release|Any CPU
		{918BD2DD-D824-48A7-8672-AA67DC64D4B1}.Release|Any CPU.Build.0 = Release|Any CPU
		{B10AA7F9-9B0C-4EA5-9FB6-3829C6202E70}.Debug|Any CPU.ActiveCfg = Debug|Any CPU
		{B10AA7F9-9B0C-4EA5-9FB6-3829C6202E70}.Debug|Any CPU.Build.0 = Debug|Any CPU
		{B10AA7F9-9B0C-4EA5-9FB6-3829C6202E70}.Release|Any CPU.ActiveCfg = Release|Any CPU
		{B10AA7F9-9B0C-4EA5-9FB6-3829C6202E70}.Release|Any CPU.Build.0 = Release|Any CPU
		{B5EDE7D2-416F-4FB8-A58A-D81CB839BD97}.Debug|Any CPU.ActiveCfg = Debug|Any CPU
		{B5EDE7D2-416F-4FB8-A58A-D81CB839BD97}.Debug|Any CPU.Build.0 = Debug|Any CPU
		{B5EDE7D2-416F-4FB8-A58A-D81CB839BD97}.Release|Any CPU.ActiveCfg = Release|Any CPU
		{B5EDE7D2-416F-4FB8-A58A-D81CB839BD97}.Release|Any CPU.Build.0 = Release|Any CPU
		{53F92A38-9CE0-4890-835C-3BFCFCBB3D9B}.Debug|Any CPU.ActiveCfg = Debug|Any CPU
		{53F92A38-9CE0-4890-835C-3BFCFCBB3D9B}.Debug|Any CPU.Build.0 = Debug|Any CPU
		{53F92A38-9CE0-4890-835C-3BFCFCBB3D9B}.Release|Any CPU.ActiveCfg = Release|Any CPU
		{53F92A38-9CE0-4890-835C-3BFCFCBB3D9B}.Release|Any CPU.Build.0 = Release|Any CPU
		{FA194A4C-C908-4705-95E1-2AE0A1A5E95C}.Debug|Any CPU.ActiveCfg = Debug|Any CPU
		{FA194A4C-C908-4705-95E1-2AE0A1A5E95C}.Debug|Any CPU.Build.0 = Debug|Any CPU
		{FA194A4C-C908-4705-95E1-2AE0A1A5E95C}.Release|Any CPU.ActiveCfg = Release|Any CPU
		{FA194A4C-C908-4705-95E1-2AE0A1A5E95C}.Release|Any CPU.Build.0 = Release|Any CPU
		{D48C9D45-895E-464C-B24D-8BB51428AC19}.Debug|Any CPU.ActiveCfg = Debug|Any CPU
		{D48C9D45-895E-464C-B24D-8BB51428AC19}.Debug|Any CPU.Build.0 = Debug|Any CPU
		{D48C9D45-895E-464C-B24D-8BB51428AC19}.Release|Any CPU.ActiveCfg = Release|Any CPU
		{D48C9D45-895E-464C-B24D-8BB51428AC19}.Release|Any CPU.Build.0 = Release|Any CPU
		{D0E0365E-CD06-4CF2-A3B1-2BC7E5FC06AF}.Debug|Any CPU.ActiveCfg = Debug|Any CPU
		{D0E0365E-CD06-4CF2-A3B1-2BC7E5FC06AF}.Debug|Any CPU.Build.0 = Debug|Any CPU
		{D0E0365E-CD06-4CF2-A3B1-2BC7E5FC06AF}.Release|Any CPU.ActiveCfg = Release|Any CPU
		{D0E0365E-CD06-4CF2-A3B1-2BC7E5FC06AF}.Release|Any CPU.Build.0 = Release|Any CPU
		{B0C9E7A6-409B-4EAF-BD5E-70E6189A126D}.Debug|Any CPU.ActiveCfg = Debug|Any CPU
		{B0C9E7A6-409B-4EAF-BD5E-70E6189A126D}.Debug|Any CPU.Build.0 = Debug|Any CPU
		{B0C9E7A6-409B-4EAF-BD5E-70E6189A126D}.Release|Any CPU.ActiveCfg = Release|Any CPU
		{B0C9E7A6-409B-4EAF-BD5E-70E6189A126D}.Release|Any CPU.Build.0 = Release|Any CPU
	EndGlobalSection
	GlobalSection(SolutionProperties) = preSolution
		HideSolutionNode = FALSE
	EndGlobalSection
EndGlobal
