
Microsoft Visual Studio Solution File, Format Version 12.00
# Visual Studio 2013
VisualStudioVersion = 12.0.40629.0
MinimumVisualStudioVersion = 10.0.40219.1
Project("{FAE04EC0-301F-11D3-BF4B-00C04F79EFBC}") = "GeoService", "GeoService\GeoService.csproj", "{918BD2DD-D824-48A7-8672-AA67DC64D4B1}"
EndProject
Project("{FAE04EC0-301F-11D3-BF4B-00C04F79EFBC}") = "GeoServiceHost", "GeoServiceHost\GeoServiceHost.csproj", "{B10AA7F9-9B0C-4EA5-9FB6-3829C6202E70}"
EndProject
Project("{FAE04EC0-301F-11D3-BF4B-00C04F79EFBC}") = "GeoServiceClient", "GeoServiceClient\GeoServiceClient.csproj", "{B5EDE7D2-416F-4FB8-A58A-D81CB839BD97}"
EndProject
Global
	GlobalSection(SolutionConfigurationPlatforms) = preSolution
		Debug|Any CPU = Debug|Any CPU
		Release|Any CPU = Release|Any CPU
	EndGlobalSection
	GlobalSection(ProjectConfigurationPlatforms) = postSolution
		{918BD2DD-D824-48A7-8672-AA67DC64D4B1}.Debug|Any CPU.ActiveCfg = Debug|Any CPU
		{918BD2DD-D824-48A7-8672-AA67DC64D4B1}.Debug|Any CPU.Build.0 = Debug|Any CPU
		{918BD2DD-D824-48A7-8672-AA67DC64D4B1}.Release|Any CPU.ActiveCfg = Release|Any CPU
		{918BD2DD-D824-48A7-8672-AA67DC64D4B1}.Release|Any CPU.Build.0 = Release|Any CPU
		{B10AA7F9-9B0C-4EA5-9FB6-3829C6202E70}.Debug|Any CPU.ActiveCfg = Debug|Any CPU
		{B10AA7F9-9B0C-4EA5-9FB6-3829C6202E70}.Debug|Any CPU.Build.0 = Debug|Any CPU
		{B10AA7F9-9B0C-4EA5-9FB6-3829C6202E70}.Release|Any CPU.ActiveCfg = Release|Any CPU
		{B10AA7F9-9B0C-4EA5-9FB6-3829C6202E70}.Release|Any CPU.Build.0 = Release|Any CPU
		{B5EDE7D2-416F-4FB8-A58A-D81CB839BD97}.Debug|Any CPU.ActiveCfg = Debug|Any CPU
		{B5EDE7D2-416F-4FB8-A58A-D81CB839BD97}.Debug|Any CPU.Build.0 = Debug|Any CPU
		{B5EDE7D2-416F-4FB8-A58A-D81CB839BD97}.Release|Any CPU.ActiveCfg = Release|Any CPU
		{B5EDE7D2-416F-4FB8-A58A-D81CB839BD97}.Release|Any CPU.Build.0 = Release|Any CPU
	EndGlobalSection
	GlobalSection(SolutionProperties) = preSolution
		HideSolutionNode = FALSE
	EndGlobalSection
EndGlobal
