
Microsoft Visual Studio Solution File, Format Version 12.00
# Visual Studio 2013
VisualStudioVersion = 12.0.40629.0
MinimumVisualStudioVersion = 10.0.40219.1
Project("{2150E333-8FDC-42A3-9474-1A3956D46DE8}") = "WcfAjaxWebServices", "WcfAjaxWebServices", "{B4AA57C2-7EFA-4742-BFB3-C493CA4F34D5}"
EndProject
Project("{FAE04EC0-301F-11D3-BF4B-00C04F79EFBC}") = "PunService.AJAX", "PunService.AJAX\PunService.AJAX.csproj", "{E23A38F5-5128-49A9-B080-0D407C72BBCE}"
EndProject
Project("{FAE04EC0-301F-11D3-BF4B-00C04F79EFBC}") = "PunService.AJAX.Host", "PunService.AJAX.Host\PunService.AJAX.Host.csproj", "{1D067B02-F110-4C42-9716-ED7462299A00}"
EndProject
Project("{FAE04EC0-301F-11D3-BF4B-00C04F79EFBC}") = "PunService.AJAX.WinFormClient", "PunService.AJAX.WinFormClient\PunService.AJAX.WinFormClient.csproj", "{3335CFDB-D0A9-4F95-B3F6-F1E8935760F1}"
EndProject
Project("{2150E333-8FDC-42A3-9474-1A3956D46DE8}") = "SelfHostedWebSocketServiceWithJsClient", "SelfHostedWebSocketServiceWithJsClient", "{225AB723-CF65-4EDD-AA87-88A78F8B0444}"
EndProject
Project("{FAE04EC0-301F-11D3-BF4B-00C04F79EFBC}") = "WebSocketNotifier.Service", "WebSocketNotifier.Service\WebSocketNotifier.Service.csproj", "{0022E11F-DA3D-4BB8-B5E1-0C7179F6BEDC}"
EndProject
Project("{E24C65DC-7377-472B-9ABA-BC803B73C61A}") = "PunService.AJAX.WebClient", "http://localhost:56820", "{FD714AD6-1357-4568-9650-2567FCF886FF}"
	ProjectSection(WebsiteProperties) = preProject
		UseIISExpress = "true"
		TargetFrameworkMoniker = ".NETFramework,Version%3Dv4.0"
		Debug.AspNetCompiler.VirtualPath = "/localhost_56820"
		Debug.AspNetCompiler.PhysicalPath = "PunService.AJAX.WebClient\"
		Debug.AspNetCompiler.TargetPath = "PrecompiledWeb\localhost_56820\"
		Debug.AspNetCompiler.Updateable = "true"
		Debug.AspNetCompiler.ForceOverwrite = "true"
		Debug.AspNetCompiler.FixedNames = "false"
		Debug.AspNetCompiler.Debug = "True"
		Release.AspNetCompiler.VirtualPath = "/localhost_56820"
		Release.AspNetCompiler.PhysicalPath = "PunService.AJAX.WebClient\"
		Release.AspNetCompiler.TargetPath = "PrecompiledWeb\localhost_56820\"
		Release.AspNetCompiler.Updateable = "true"
		Release.AspNetCompiler.ForceOverwrite = "true"
		Release.AspNetCompiler.FixedNames = "false"
		Release.AspNetCompiler.Debug = "False"
		SlnRelativePath = "PunService.AJAX.WebClient\"
	EndProjectSection
EndProject
Project("{FAE04EC0-301F-11D3-BF4B-00C04F79EFBC}") = "WcfCors", "WcfCors\WcfCors.csproj", "{05DC0226-9E03-49D1-97F6-35757AC6EA83}"
EndProject
Project("{2150E333-8FDC-42A3-9474-1A3956D46DE8}") = "SignalR_Tutorial", "SignalR_Tutorial", "{9EE6F239-E3F2-4522-A587-6B94CC1BBD50}"
EndProject
Project("{FAE04EC0-301F-11D3-BF4B-00C04F79EFBC}") = "SignalRSelfHost", "SignalRSelfHost\SignalRSelfHost.csproj", "{7F529245-7D0D-4F38-95AD-A7C2A0BDBF67}"
EndProject
Project("{FAE04EC0-301F-11D3-BF4B-00C04F79EFBC}") = "SignalRWebClient", "SignalRWebClient\SignalRWebClient.csproj", "{09BB5B12-E4C7-4261-B00E-5B8CF857C37A}"
	ProjectSection(ProjectDependencies) = postProject
		{B90E9BB4-B0B3-436A-937D-F780C0DB52A8} = {B90E9BB4-B0B3-436A-937D-F780C0DB52A8}
	EndProjectSection
EndProject
Project("{FAE04EC0-301F-11D3-BF4B-00C04F79EFBC}") = "SignalR_PersistentConnection_ConsoleClient", "SignalR_PersistentConnection_ConsoleClient\SignalR_PersistentConnection_ConsoleClient.csproj", "{7D511768-62DF-4889-9D66-FFC86D9B534F}"
EndProject
Project("{FAE04EC0-301F-11D3-BF4B-00C04F79EFBC}") = "SignalR_PersistentConnection_SelfHost", "SignalR_PersistentConnection_SelfHost\SignalR_PersistentConnection_SelfHost.csproj", "{C795570A-2426-4D79-9932-9DD60EA8ABC2}"
EndProject
Project("{FAE04EC0-301F-11D3-BF4B-00C04F79EFBC}") = "SignalR_PersistentConnection_WebClient", "SignalR_PersistentConnection_WebClient\SignalR_PersistentConnection_WebClient.csproj", "{97144330-1F9A-4B27-ACD7-17D2A4B7E3E7}"
EndProject
Project("{FAE04EC0-301F-11D3-BF4B-00C04F79EFBC}") = "SignalRWinFormClient", "SignalRWinFormClient\SignalRWinFormClient.csproj", "{36B65BE1-BA2B-4160-9508-B64FEF5E5E2B}"
EndProject
Project("{FAE04EC0-301F-11D3-BF4B-00C04F79EFBC}") = "SignalRMyHub", "SignalRMyHub\SignalRMyHub.csproj", "{B90E9BB4-B0B3-436A-937D-F780C0DB52A8}"
EndProject
Project("{FAE04EC0-301F-11D3-BF4B-00C04F79EFBC}") = "SignalRTypedProxy", "SignalRTypedProxy\SignalRTypedProxy.csproj", "{34A0588E-05F9-409B-855A-BCF44CBD0DBC}"
EndProject
Project("{2150E333-8FDC-42A3-9474-1A3956D46DE8}") = ".nuget", ".nuget", "{2CC6C321-4FFD-4CFD-92FB-2FA861AD9555}"
	ProjectSection(SolutionItems) = preProject
		.nuget\packages.config = .nuget\packages.config
	EndProjectSection
EndProject
Project("{FAE04EC0-301F-11D3-BF4B-00C04F79EFBC}") = "NanyWebApp", "NanyWebApp\NanyWebApp.csproj", "{049ED4AC-115D-45C9-896A-BC62CF32E5B4}"
EndProject
Project("{FAE04EC0-301F-11D3-BF4B-00C04F79EFBC}") = "NancyWebApp.WcfSelfHost", "NancyWebApp.WcfSelfHost\NancyWebApp.WcfSelfHost.csproj", "{CCED80E3-9EEF-4CDB-B781-CF3774F84558}"
EndProject
Project("{FAE04EC0-301F-11D3-BF4B-00C04F79EFBC}") = "NancyWebApp.OwinSelfHost", "NancyWebApp.OwinSelfHost\NancyWebApp.OwinSelfHost.csproj", "{DE214582-6872-4E10-A966-7A8F729CDABF}"
EndProject
Project("{FAE04EC0-301F-11D3-BF4B-00C04F79EFBC}") = "NancyFoodJournalApp.OwinSelfHost", "NancyFoodJournalApp.OwinSelfHost\NancyFoodJournalApp.OwinSelfHost.csproj", "{4D489590-9D4C-4493-B068-5AFF8C281A9A}"
EndProject
Global
	GlobalSection(SolutionConfigurationPlatforms) = preSolution
		Debug|Any CPU = Debug|Any CPU
		Release|Any CPU = Release|Any CPU
	EndGlobalSection
	GlobalSection(ProjectConfigurationPlatforms) = postSolution
		{E23A38F5-5128-49A9-B080-0D407C72BBCE}.Debug|Any CPU.ActiveCfg = Debug|Any CPU
		{E23A38F5-5128-49A9-B080-0D407C72BBCE}.Debug|Any CPU.Build.0 = Debug|Any CPU
		{E23A38F5-5128-49A9-B080-0D407C72BBCE}.Release|Any CPU.ActiveCfg = Release|Any CPU
		{E23A38F5-5128-49A9-B080-0D407C72BBCE}.Release|Any CPU.Build.0 = Release|Any CPU
		{1D067B02-F110-4C42-9716-ED7462299A00}.Debug|Any CPU.ActiveCfg = Debug|Any CPU
		{1D067B02-F110-4C42-9716-ED7462299A00}.Debug|Any CPU.Build.0 = Debug|Any CPU
		{1D067B02-F110-4C42-9716-ED7462299A00}.Release|Any CPU.ActiveCfg = Release|Any CPU
		{1D067B02-F110-4C42-9716-ED7462299A00}.Release|Any CPU.Build.0 = Release|Any CPU
		{3335CFDB-D0A9-4F95-B3F6-F1E8935760F1}.Debug|Any CPU.ActiveCfg = Debug|Any CPU
		{3335CFDB-D0A9-4F95-B3F6-F1E8935760F1}.Debug|Any CPU.Build.0 = Debug|Any CPU
		{3335CFDB-D0A9-4F95-B3F6-F1E8935760F1}.Release|Any CPU.ActiveCfg = Release|Any CPU
		{3335CFDB-D0A9-4F95-B3F6-F1E8935760F1}.Release|Any CPU.Build.0 = Release|Any CPU
		{0022E11F-DA3D-4BB8-B5E1-0C7179F6BEDC}.Debug|Any CPU.ActiveCfg = Debug|Any CPU
		{0022E11F-DA3D-4BB8-B5E1-0C7179F6BEDC}.Debug|Any CPU.Build.0 = Debug|Any CPU
		{0022E11F-DA3D-4BB8-B5E1-0C7179F6BEDC}.Release|Any CPU.ActiveCfg = Release|Any CPU
		{0022E11F-DA3D-4BB8-B5E1-0C7179F6BEDC}.Release|Any CPU.Build.0 = Release|Any CPU
		{FD714AD6-1357-4568-9650-2567FCF886FF}.Debug|Any CPU.ActiveCfg = Debug|Any CPU
		{FD714AD6-1357-4568-9650-2567FCF886FF}.Debug|Any CPU.Build.0 = Debug|Any CPU
		{FD714AD6-1357-4568-9650-2567FCF886FF}.Release|Any CPU.ActiveCfg = Debug|Any CPU
		{FD714AD6-1357-4568-9650-2567FCF886FF}.Release|Any CPU.Build.0 = Debug|Any CPU
		{05DC0226-9E03-49D1-97F6-35757AC6EA83}.Debug|Any CPU.ActiveCfg = Debug|Any CPU
		{05DC0226-9E03-49D1-97F6-35757AC6EA83}.Debug|Any CPU.Build.0 = Debug|Any CPU
		{05DC0226-9E03-49D1-97F6-35757AC6EA83}.Release|Any CPU.ActiveCfg = Release|Any CPU
		{05DC0226-9E03-49D1-97F6-35757AC6EA83}.Release|Any CPU.Build.0 = Release|Any CPU
		{7F529245-7D0D-4F38-95AD-A7C2A0BDBF67}.Debug|Any CPU.ActiveCfg = Debug|Any CPU
		{7F529245-7D0D-4F38-95AD-A7C2A0BDBF67}.Debug|Any CPU.Build.0 = Debug|Any CPU
		{7F529245-7D0D-4F38-95AD-A7C2A0BDBF67}.Release|Any CPU.ActiveCfg = Release|Any CPU
		{7F529245-7D0D-4F38-95AD-A7C2A0BDBF67}.Release|Any CPU.Build.0 = Release|Any CPU
		{09BB5B12-E4C7-4261-B00E-5B8CF857C37A}.Debug|Any CPU.ActiveCfg = Debug|Any CPU
		{09BB5B12-E4C7-4261-B00E-5B8CF857C37A}.Debug|Any CPU.Build.0 = Debug|Any CPU
		{09BB5B12-E4C7-4261-B00E-5B8CF857C37A}.Release|Any CPU.ActiveCfg = Release|Any CPU
		{09BB5B12-E4C7-4261-B00E-5B8CF857C37A}.Release|Any CPU.Build.0 = Release|Any CPU
		{7D511768-62DF-4889-9D66-FFC86D9B534F}.Debug|Any CPU.ActiveCfg = Debug|Any CPU
		{7D511768-62DF-4889-9D66-FFC86D9B534F}.Debug|Any CPU.Build.0 = Debug|Any CPU
		{7D511768-62DF-4889-9D66-FFC86D9B534F}.Release|Any CPU.ActiveCfg = Release|Any CPU
		{7D511768-62DF-4889-9D66-FFC86D9B534F}.Release|Any CPU.Build.0 = Release|Any CPU
		{C795570A-2426-4D79-9932-9DD60EA8ABC2}.Debug|Any CPU.ActiveCfg = Debug|Any CPU
		{C795570A-2426-4D79-9932-9DD60EA8ABC2}.Debug|Any CPU.Build.0 = Debug|Any CPU
		{C795570A-2426-4D79-9932-9DD60EA8ABC2}.Release|Any CPU.ActiveCfg = Release|Any CPU
		{C795570A-2426-4D79-9932-9DD60EA8ABC2}.Release|Any CPU.Build.0 = Release|Any CPU
		{97144330-1F9A-4B27-ACD7-17D2A4B7E3E7}.Debug|Any CPU.ActiveCfg = Debug|Any CPU
		{97144330-1F9A-4B27-ACD7-17D2A4B7E3E7}.Debug|Any CPU.Build.0 = Debug|Any CPU
		{97144330-1F9A-4B27-ACD7-17D2A4B7E3E7}.Release|Any CPU.ActiveCfg = Release|Any CPU
		{97144330-1F9A-4B27-ACD7-17D2A4B7E3E7}.Release|Any CPU.Build.0 = Release|Any CPU
		{36B65BE1-BA2B-4160-9508-B64FEF5E5E2B}.Debug|Any CPU.ActiveCfg = Debug|Any CPU
		{36B65BE1-BA2B-4160-9508-B64FEF5E5E2B}.Debug|Any CPU.Build.0 = Debug|Any CPU
		{36B65BE1-BA2B-4160-9508-B64FEF5E5E2B}.Release|Any CPU.ActiveCfg = Release|Any CPU
		{36B65BE1-BA2B-4160-9508-B64FEF5E5E2B}.Release|Any CPU.Build.0 = Release|Any CPU
		{B90E9BB4-B0B3-436A-937D-F780C0DB52A8}.Debug|Any CPU.ActiveCfg = Debug|Any CPU
		{B90E9BB4-B0B3-436A-937D-F780C0DB52A8}.Debug|Any CPU.Build.0 = Debug|Any CPU
		{B90E9BB4-B0B3-436A-937D-F780C0DB52A8}.Release|Any CPU.ActiveCfg = Release|Any CPU
		{B90E9BB4-B0B3-436A-937D-F780C0DB52A8}.Release|Any CPU.Build.0 = Release|Any CPU
		{34A0588E-05F9-409B-855A-BCF44CBD0DBC}.Debug|Any CPU.ActiveCfg = Debug|Any CPU
		{34A0588E-05F9-409B-855A-BCF44CBD0DBC}.Debug|Any CPU.Build.0 = Debug|Any CPU
		{34A0588E-05F9-409B-855A-BCF44CBD0DBC}.Release|Any CPU.ActiveCfg = Release|Any CPU
		{34A0588E-05F9-409B-855A-BCF44CBD0DBC}.Release|Any CPU.Build.0 = Release|Any CPU
		{049ED4AC-115D-45C9-896A-BC62CF32E5B4}.Debug|Any CPU.ActiveCfg = Debug|Any CPU
		{049ED4AC-115D-45C9-896A-BC62CF32E5B4}.Debug|Any CPU.Build.0 = Debug|Any CPU
		{049ED4AC-115D-45C9-896A-BC62CF32E5B4}.Release|Any CPU.ActiveCfg = Release|Any CPU
		{049ED4AC-115D-45C9-896A-BC62CF32E5B4}.Release|Any CPU.Build.0 = Release|Any CPU
		{CCED80E3-9EEF-4CDB-B781-CF3774F84558}.Debug|Any CPU.ActiveCfg = Debug|Any CPU
		{CCED80E3-9EEF-4CDB-B781-CF3774F84558}.Debug|Any CPU.Build.0 = Debug|Any CPU
		{CCED80E3-9EEF-4CDB-B781-CF3774F84558}.Release|Any CPU.ActiveCfg = Release|Any CPU
		{CCED80E3-9EEF-4CDB-B781-CF3774F84558}.Release|Any CPU.Build.0 = Release|Any CPU
		{DE214582-6872-4E10-A966-7A8F729CDABF}.Debug|Any CPU.ActiveCfg = Debug|Any CPU
		{DE214582-6872-4E10-A966-7A8F729CDABF}.Debug|Any CPU.Build.0 = Debug|Any CPU
		{DE214582-6872-4E10-A966-7A8F729CDABF}.Release|Any CPU.ActiveCfg = Release|Any CPU
		{DE214582-6872-4E10-A966-7A8F729CDABF}.Release|Any CPU.Build.0 = Release|Any CPU
		{4D489590-9D4C-4493-B068-5AFF8C281A9A}.Debug|Any CPU.ActiveCfg = Debug|Any CPU
		{4D489590-9D4C-4493-B068-5AFF8C281A9A}.Debug|Any CPU.Build.0 = Debug|Any CPU
		{4D489590-9D4C-4493-B068-5AFF8C281A9A}.Release|Any CPU.ActiveCfg = Release|Any CPU
		{4D489590-9D4C-4493-B068-5AFF8C281A9A}.Release|Any CPU.Build.0 = Release|Any CPU
	EndGlobalSection
	GlobalSection(SolutionProperties) = preSolution
		HideSolutionNode = FALSE
	EndGlobalSection
	GlobalSection(NestedProjects) = preSolution
		{E23A38F5-5128-49A9-B080-0D407C72BBCE} = {B4AA57C2-7EFA-4742-BFB3-C493CA4F34D5}
		{1D067B02-F110-4C42-9716-ED7462299A00} = {B4AA57C2-7EFA-4742-BFB3-C493CA4F34D5}
		{3335CFDB-D0A9-4F95-B3F6-F1E8935760F1} = {B4AA57C2-7EFA-4742-BFB3-C493CA4F34D5}
		{0022E11F-DA3D-4BB8-B5E1-0C7179F6BEDC} = {225AB723-CF65-4EDD-AA87-88A78F8B0444}
		{FD714AD6-1357-4568-9650-2567FCF886FF} = {B4AA57C2-7EFA-4742-BFB3-C493CA4F34D5}
		{7F529245-7D0D-4F38-95AD-A7C2A0BDBF67} = {9EE6F239-E3F2-4522-A587-6B94CC1BBD50}
		{09BB5B12-E4C7-4261-B00E-5B8CF857C37A} = {9EE6F239-E3F2-4522-A587-6B94CC1BBD50}
		{7D511768-62DF-4889-9D66-FFC86D9B534F} = {9EE6F239-E3F2-4522-A587-6B94CC1BBD50}
		{C795570A-2426-4D79-9932-9DD60EA8ABC2} = {9EE6F239-E3F2-4522-A587-6B94CC1BBD50}
		{97144330-1F9A-4B27-ACD7-17D2A4B7E3E7} = {9EE6F239-E3F2-4522-A587-6B94CC1BBD50}
		{36B65BE1-BA2B-4160-9508-B64FEF5E5E2B} = {9EE6F239-E3F2-4522-A587-6B94CC1BBD50}
		{B90E9BB4-B0B3-436A-937D-F780C0DB52A8} = {9EE6F239-E3F2-4522-A587-6B94CC1BBD50}
		{34A0588E-05F9-409B-855A-BCF44CBD0DBC} = {9EE6F239-E3F2-4522-A587-6B94CC1BBD50}
		{049ED4AC-115D-45C9-896A-BC62CF32E5B4} = {9EE6F239-E3F2-4522-A587-6B94CC1BBD50}
		{CCED80E3-9EEF-4CDB-B781-CF3774F84558} = {9EE6F239-E3F2-4522-A587-6B94CC1BBD50}
		{DE214582-6872-4E10-A966-7A8F729CDABF} = {9EE6F239-E3F2-4522-A587-6B94CC1BBD50}
		{4D489590-9D4C-4493-B068-5AFF8C281A9A} = {9EE6F239-E3F2-4522-A587-6B94CC1BBD50}
	EndGlobalSection
EndGlobal
